
Microsoft Visual Studio Solution File, Format Version 12.00
# Visual Studio 2012
Project("{8BC9CEB8-8B4A-11D0-8D11-00A0C91BC942}") = "Hello", "Hello\Hello.vcxproj", "{D622BC41-82A4-47DC-9620-564A5051C373}"
EndProject
Global
	GlobalSection(SolutionConfigurationPlatforms) = preSolution
		Debug|Win32 = Debug|Win32
		Release|Win32 = Release|Win32
	EndGlobalSection
	GlobalSection(ProjectConfigurationPlatforms) = postSolution
		{D622BC41-82A4-47DC-9620-564A5051C373}.Debug|Win32.ActiveCfg = Debug|Win32
		{D622BC41-82A4-47DC-9620-564A5051C373}.Debug|Win32.Build.0 = Debug|Win32
		{D622BC41-82A4-47DC-9620-564A5051C373}.Release|Win32.ActiveCfg = Release|Win32
		{D622BC41-82A4-47DC-9620-564A5051C373}.Release|Win32.Build.0 = Release|Win32
	EndGlobalSection
	GlobalSection(SolutionProperties) = preSolution
		HideSolutionNode = FALSE
	EndGlobalSection
EndGlobal
