
Microsoft Visual Studio Solution File, Format Version 12.00
# Visual Studio 2012
Project("{8BC9CEB8-8B4A-11D0-8D11-00A0C91BC942}") = "mod_4_dz", "mod_4_dz\mod_4_dz.vcxproj", "{8842B229-50A4-4478-8BE0-E4F8FBE10321}"
EndProject
Global
	GlobalSection(SolutionConfigurationPlatforms) = preSolution
		Debug|Win32 = Debug|Win32
		Release|Win32 = Release|Win32
	EndGlobalSection
	GlobalSection(ProjectConfigurationPlatforms) = postSolution
		{8842B229-50A4-4478-8BE0-E4F8FBE10321}.Debug|Win32.ActiveCfg = Debug|Win32
		{8842B229-50A4-4478-8BE0-E4F8FBE10321}.Debug|Win32.Build.0 = Debug|Win32
		{8842B229-50A4-4478-8BE0-E4F8FBE10321}.Release|Win32.ActiveCfg = Release|Win32
		{8842B229-50A4-4478-8BE0-E4F8FBE10321}.Release|Win32.Build.0 = Release|Win32
	EndGlobalSection
	GlobalSection(SolutionProperties) = preSolution
		HideSolutionNode = FALSE
	EndGlobalSection
EndGlobal
