
Microsoft Visual Studio Solution File, Format Version 12.00
# Visual Studio 2012
Project("{8BC9CEB8-8B4A-11D0-8D11-00A0C91BC942}") = "File", "File\File.vcxproj", "{264C7D3F-2FD2-4118-865E-20F61D1A5768}"
EndProject
Global
	GlobalSection(SolutionConfigurationPlatforms) = preSolution
		Debug|Win32 = Debug|Win32
		Release|Win32 = Release|Win32
	EndGlobalSection
	GlobalSection(ProjectConfigurationPlatforms) = postSolution
		{264C7D3F-2FD2-4118-865E-20F61D1A5768}.Debug|Win32.ActiveCfg = Debug|Win32
		{264C7D3F-2FD2-4118-865E-20F61D1A5768}.Debug|Win32.Build.0 = Debug|Win32
		{264C7D3F-2FD2-4118-865E-20F61D1A5768}.Release|Win32.ActiveCfg = Release|Win32
		{264C7D3F-2FD2-4118-865E-20F61D1A5768}.Release|Win32.Build.0 = Release|Win32
	EndGlobalSection
	GlobalSection(SolutionProperties) = preSolution
		HideSolutionNode = FALSE
	EndGlobalSection
EndGlobal
